
Microsoft Visual Studio Solution File, Format Version 12.00
# Visual Studio 14
VisualStudioVersion = 14.0.23107.0
MinimumVisualStudioVersion = 10.0.40219.1
Project("{FAE04EC0-301F-11D3-BF4B-00C04F79EFBC}") = "Problem1.Shapes", "Problem1.Shapes\Problem1.Shapes.csproj", "{E6FD30D7-ED71-48CF-806B-B000E0637B5C}"
EndProject
Project("{FAE04EC0-301F-11D3-BF4B-00C04F79EFBC}") = "Problem2.Bank", "Problem2.Bank\Problem2.Bank.csproj", "{BC3ADB95-CBAE-4A2C-BBC7-AEDA1B6E2BFB}"
EndProject
Project("{FAE04EC0-301F-11D3-BF4B-00C04F79EFBC}") = "Problem3.GameEngine", "Problem3.GameEngine\Problem3.GameEngine.csproj", "{3788E14D-782B-4D30-AA3F-0238BA2B1D6F}"
EndProject
Global
	GlobalSection(SolutionConfigurationPlatforms) = preSolution
		Debug|Any CPU = Debug|Any CPU
		Release|Any CPU = Release|Any CPU
	EndGlobalSection
	GlobalSection(ProjectConfigurationPlatforms) = postSolution
		{E6FD30D7-ED71-48CF-806B-B000E0637B5C}.Debug|Any CPU.ActiveCfg = Debug|Any CPU
		{E6FD30D7-ED71-48CF-806B-B000E0637B5C}.Debug|Any CPU.Build.0 = Debug|Any CPU
		{E6FD30D7-ED71-48CF-806B-B000E0637B5C}.Release|Any CPU.ActiveCfg = Release|Any CPU
		{E6FD30D7-ED71-48CF-806B-B000E0637B5C}.Release|Any CPU.Build.0 = Release|Any CPU
		{BC3ADB95-CBAE-4A2C-BBC7-AEDA1B6E2BFB}.Debug|Any CPU.ActiveCfg = Debug|Any CPU
		{BC3ADB95-CBAE-4A2C-BBC7-AEDA1B6E2BFB}.Debug|Any CPU.Build.0 = Debug|Any CPU
		{BC3ADB95-CBAE-4A2C-BBC7-AEDA1B6E2BFB}.Release|Any CPU.ActiveCfg = Release|Any CPU
		{BC3ADB95-CBAE-4A2C-BBC7-AEDA1B6E2BFB}.Release|Any CPU.Build.0 = Release|Any CPU
		{3788E14D-782B-4D30-AA3F-0238BA2B1D6F}.Debug|Any CPU.ActiveCfg = Debug|Any CPU
		{3788E14D-782B-4D30-AA3F-0238BA2B1D6F}.Debug|Any CPU.Build.0 = Debug|Any CPU
		{3788E14D-782B-4D30-AA3F-0238BA2B1D6F}.Release|Any CPU.ActiveCfg = Release|Any CPU
		{3788E14D-782B-4D30-AA3F-0238BA2B1D6F}.Release|Any CPU.Build.0 = Release|Any CPU
	EndGlobalSection
	GlobalSection(SolutionProperties) = preSolution
		HideSolutionNode = FALSE
	EndGlobalSection
EndGlobal
