
Microsoft Visual Studio Solution File, Format Version 12.00
# Visual Studio 14
VisualStudioVersion = 14.0.23107.0
MinimumVisualStudioVersion = 10.0.40219.1
Project("{FAE04EC0-301F-11D3-BF4B-00C04F79EFBC}") = "Problem1.GalacticGPS", "Problem1.GalacticGPS\Problem1.GalacticGPS.csproj", "{14D55638-8984-4E0B-8D1C-C56EE1D77825}"
EndProject
Project("{FAE04EC0-301F-11D3-BF4B-00C04F79EFBC}") = "Problem2.FractionCalculator", "Problem2.FractionCalculator\Problem2.FractionCalculator.csproj", "{4C444898-AB76-46BF-BAD5-8705D99101CA}"
EndProject
Project("{FAE04EC0-301F-11D3-BF4B-00C04F79EFBC}") = "Problem3.GenericList", "Problem3.GenericList\Problem3.GenericList.csproj", "{21EBB2CF-0FEF-49F6-95F8-131433987EDB}"
EndProject
Project("{FAE04EC0-301F-11D3-BF4B-00C04F79EFBC}") = "Problem4.GenericListVersion", "Problem4.GenericListVersion\Problem4.GenericListVersion.csproj", "{6798507C-BB79-45DE-9DAA-076BC1C84ABB}"
EndProject
Global
	GlobalSection(SolutionConfigurationPlatforms) = preSolution
		Debug|Any CPU = Debug|Any CPU
		Release|Any CPU = Release|Any CPU
	EndGlobalSection
	GlobalSection(ProjectConfigurationPlatforms) = postSolution
		{14D55638-8984-4E0B-8D1C-C56EE1D77825}.Debug|Any CPU.ActiveCfg = Debug|Any CPU
		{14D55638-8984-4E0B-8D1C-C56EE1D77825}.Debug|Any CPU.Build.0 = Debug|Any CPU
		{14D55638-8984-4E0B-8D1C-C56EE1D77825}.Release|Any CPU.ActiveCfg = Release|Any CPU
		{14D55638-8984-4E0B-8D1C-C56EE1D77825}.Release|Any CPU.Build.0 = Release|Any CPU
		{4C444898-AB76-46BF-BAD5-8705D99101CA}.Debug|Any CPU.ActiveCfg = Debug|Any CPU
		{4C444898-AB76-46BF-BAD5-8705D99101CA}.Debug|Any CPU.Build.0 = Debug|Any CPU
		{4C444898-AB76-46BF-BAD5-8705D99101CA}.Release|Any CPU.ActiveCfg = Release|Any CPU
		{4C444898-AB76-46BF-BAD5-8705D99101CA}.Release|Any CPU.Build.0 = Release|Any CPU
		{21EBB2CF-0FEF-49F6-95F8-131433987EDB}.Debug|Any CPU.ActiveCfg = Debug|Any CPU
		{21EBB2CF-0FEF-49F6-95F8-131433987EDB}.Debug|Any CPU.Build.0 = Debug|Any CPU
		{21EBB2CF-0FEF-49F6-95F8-131433987EDB}.Release|Any CPU.ActiveCfg = Release|Any CPU
		{21EBB2CF-0FEF-49F6-95F8-131433987EDB}.Release|Any CPU.Build.0 = Release|Any CPU
		{6798507C-BB79-45DE-9DAA-076BC1C84ABB}.Debug|Any CPU.ActiveCfg = Debug|Any CPU
		{6798507C-BB79-45DE-9DAA-076BC1C84ABB}.Debug|Any CPU.Build.0 = Debug|Any CPU
		{6798507C-BB79-45DE-9DAA-076BC1C84ABB}.Release|Any CPU.ActiveCfg = Release|Any CPU
		{6798507C-BB79-45DE-9DAA-076BC1C84ABB}.Release|Any CPU.Build.0 = Release|Any CPU
	EndGlobalSection
	GlobalSection(SolutionProperties) = preSolution
		HideSolutionNode = FALSE
	EndGlobalSection
EndGlobal
